
Microsoft Visual Studio Solution File, Format Version 11.00
# Visual Studio 2010
Project("{FAE04EC0-301F-11D3-BF4B-00C04F79EFBC}") = "BetEx247.Web", "BetEx247.Web\BetEx247.Web.csproj", "{D5A57965-F8BE-46F4-982F-BCF042681201}"
EndProject
Project("{FAE04EC0-301F-11D3-BF4B-00C04F79EFBC}") = "BetEx247.Core", "BetEx247.Core\BetEx247.Core.csproj", "{AFD770A1-3E4A-4103-8CBE-F3426559CBA0}"
EndProject
Project("{2150E333-8FDC-42A3-9474-1A3956D46DE8}") = "Presentation", "Presentation", "{CF4B3915-FC55-4F83-A5A8-C5155C586DAB}"
EndProject
Project("{2150E333-8FDC-42A3-9474-1A3956D46DE8}") = "Libraries", "Libraries", "{8F29DAC3-D718-4082-912E-475D9F71DDE0}"
EndProject
Project("{2150E333-8FDC-42A3-9474-1A3956D46DE8}") = "Plugins", "Plugins", "{0E0D59A8-7392-4C9F-BD31-000D087CE91E}"
EndProject
Project("{FAE04EC0-301F-11D3-BF4B-00C04F79EFBC}") = "BetEx247.Plugin.Payments.AuthorizeNet", "BetEx247.Plugin.Payments.AuthorizeNet\BetEx247.Plugin.Payments.AuthorizeNet.csproj", "{32EC2D8B-95E2-4111-96AA-A9F9E93E110A}"
EndProject
Project("{FAE04EC0-301F-11D3-BF4B-00C04F79EFBC}") = "BetEx247.Data", "BetEx247.Data\BetEx247.Data.csproj", "{4031A72F-824E-409D-AF7D-D1695C288D18}"
EndProject
Project("{FAE04EC0-301F-11D3-BF4B-00C04F79EFBC}") = "BetEx247.Plugin.Payments.MoneyBooker", "BetEx247.Plugin.Payments.MoneyBooker\BetEx247.Plugin.Payments.MoneyBooker.csproj", "{3BECC31C-96F4-4696-ACEC-5ECB69EBAEE7}"
EndProject
Project("{FAE04EC0-301F-11D3-BF4B-00C04F79EFBC}") = "BetEx247.Plugin.Payments.Netteller", "BetEx247.Plugin.Payments.Netteller\BetEx247.Plugin.Payments.Netteller.csproj", "{8A70F85F-F9C0-4D2F-8F74-529E0A70B310}"
EndProject
Project("{FAE04EC0-301F-11D3-BF4B-00C04F79EFBC}") = "BetEx247.Plugin.Discount", "BetEx247.Plugin.Discount\BetEx247.Plugin.Discount.csproj", "{C8EC9985-2A31-4843-9C20-F537147592B4}"
EndProject
Project("{FAE04EC0-301F-11D3-BF4B-00C04F79EFBC}") = "BetEx247.Plugin.XMLParser", "BetEx247.Plugin.XMLParser\BetEx247.Plugin.XMLParser.csproj", "{45726546-A06F-442B-A6FA-B0AA81B38AB3}"
EndProject
Project("{FAE04EC0-301F-11D3-BF4B-00C04F79EFBC}") = "BetEx247.Plugin.DownloadFeed", "BetEx247.Plugin.DownloadFeed\BetEx247.Plugin.DownloadFeed.csproj", "{FCFAE228-37AC-41A4-9DB6-F8F1ADE35D78}"
EndProject
Project("{FAE04EC0-301F-11D3-BF4B-00C04F79EFBC}") = "BetEx247.Plugin.Payments.ApcoFastPay", "BetEx247.Plugin.Payments.ApcoFastPay\BetEx247.Plugin.Payments.ApcoFastPay.csproj", "{8F677390-1262-4A87-9279-5A5750FD722A}"
EndProject
Global
	GlobalSection(SolutionConfigurationPlatforms) = preSolution
		Debug|Any CPU = Debug|Any CPU
		Debug|Mixed Platforms = Debug|Mixed Platforms
		Debug|x86 = Debug|x86
		Release|Any CPU = Release|Any CPU
		Release|Mixed Platforms = Release|Mixed Platforms
		Release|x86 = Release|x86
	EndGlobalSection
	GlobalSection(ProjectConfigurationPlatforms) = postSolution
		{D5A57965-F8BE-46F4-982F-BCF042681201}.Debug|Any CPU.ActiveCfg = Debug|Any CPU
		{D5A57965-F8BE-46F4-982F-BCF042681201}.Debug|Any CPU.Build.0 = Debug|Any CPU
		{D5A57965-F8BE-46F4-982F-BCF042681201}.Debug|Mixed Platforms.ActiveCfg = Debug|Any CPU
		{D5A57965-F8BE-46F4-982F-BCF042681201}.Debug|Mixed Platforms.Build.0 = Debug|Any CPU
		{D5A57965-F8BE-46F4-982F-BCF042681201}.Debug|x86.ActiveCfg = Debug|Any CPU
		{D5A57965-F8BE-46F4-982F-BCF042681201}.Release|Any CPU.ActiveCfg = Release|Any CPU
		{D5A57965-F8BE-46F4-982F-BCF042681201}.Release|Any CPU.Build.0 = Release|Any CPU
		{D5A57965-F8BE-46F4-982F-BCF042681201}.Release|Mixed Platforms.ActiveCfg = Release|Any CPU
		{D5A57965-F8BE-46F4-982F-BCF042681201}.Release|Mixed Platforms.Build.0 = Release|Any CPU
		{D5A57965-F8BE-46F4-982F-BCF042681201}.Release|x86.ActiveCfg = Release|Any CPU
		{AFD770A1-3E4A-4103-8CBE-F3426559CBA0}.Debug|Any CPU.ActiveCfg = Debug|Any CPU
		{AFD770A1-3E4A-4103-8CBE-F3426559CBA0}.Debug|Any CPU.Build.0 = Debug|Any CPU
		{AFD770A1-3E4A-4103-8CBE-F3426559CBA0}.Debug|Mixed Platforms.ActiveCfg = Debug|Any CPU
		{AFD770A1-3E4A-4103-8CBE-F3426559CBA0}.Debug|Mixed Platforms.Build.0 = Debug|Any CPU
		{AFD770A1-3E4A-4103-8CBE-F3426559CBA0}.Debug|x86.ActiveCfg = Debug|Any CPU
		{AFD770A1-3E4A-4103-8CBE-F3426559CBA0}.Release|Any CPU.ActiveCfg = Release|Any CPU
		{AFD770A1-3E4A-4103-8CBE-F3426559CBA0}.Release|Any CPU.Build.0 = Release|Any CPU
		{AFD770A1-3E4A-4103-8CBE-F3426559CBA0}.Release|Mixed Platforms.ActiveCfg = Release|Any CPU
		{AFD770A1-3E4A-4103-8CBE-F3426559CBA0}.Release|Mixed Platforms.Build.0 = Release|Any CPU
		{AFD770A1-3E4A-4103-8CBE-F3426559CBA0}.Release|x86.ActiveCfg = Release|Any CPU
		{32EC2D8B-95E2-4111-96AA-A9F9E93E110A}.Debug|Any CPU.ActiveCfg = Debug|Any CPU
		{32EC2D8B-95E2-4111-96AA-A9F9E93E110A}.Debug|Any CPU.Build.0 = Debug|Any CPU
		{32EC2D8B-95E2-4111-96AA-A9F9E93E110A}.Debug|Mixed Platforms.ActiveCfg = Debug|Any CPU
		{32EC2D8B-95E2-4111-96AA-A9F9E93E110A}.Debug|Mixed Platforms.Build.0 = Debug|Any CPU
		{32EC2D8B-95E2-4111-96AA-A9F9E93E110A}.Debug|x86.ActiveCfg = Debug|Any CPU
		{32EC2D8B-95E2-4111-96AA-A9F9E93E110A}.Release|Any CPU.ActiveCfg = Release|Any CPU
		{32EC2D8B-95E2-4111-96AA-A9F9E93E110A}.Release|Any CPU.Build.0 = Release|Any CPU
		{32EC2D8B-95E2-4111-96AA-A9F9E93E110A}.Release|Mixed Platforms.ActiveCfg = Release|Any CPU
		{32EC2D8B-95E2-4111-96AA-A9F9E93E110A}.Release|Mixed Platforms.Build.0 = Release|Any CPU
		{32EC2D8B-95E2-4111-96AA-A9F9E93E110A}.Release|x86.ActiveCfg = Release|Any CPU
		{4031A72F-824E-409D-AF7D-D1695C288D18}.Debug|Any CPU.ActiveCfg = Debug|Any CPU
		{4031A72F-824E-409D-AF7D-D1695C288D18}.Debug|Any CPU.Build.0 = Debug|Any CPU
		{4031A72F-824E-409D-AF7D-D1695C288D18}.Debug|Mixed Platforms.ActiveCfg = Debug|Any CPU
		{4031A72F-824E-409D-AF7D-D1695C288D18}.Debug|Mixed Platforms.Build.0 = Debug|Any CPU
		{4031A72F-824E-409D-AF7D-D1695C288D18}.Debug|x86.ActiveCfg = Debug|Any CPU
		{4031A72F-824E-409D-AF7D-D1695C288D18}.Release|Any CPU.ActiveCfg = Release|Any CPU
		{4031A72F-824E-409D-AF7D-D1695C288D18}.Release|Any CPU.Build.0 = Release|Any CPU
		{4031A72F-824E-409D-AF7D-D1695C288D18}.Release|Mixed Platforms.ActiveCfg = Release|Any CPU
		{4031A72F-824E-409D-AF7D-D1695C288D18}.Release|Mixed Platforms.Build.0 = Release|Any CPU
		{4031A72F-824E-409D-AF7D-D1695C288D18}.Release|x86.ActiveCfg = Release|Any CPU
		{3BECC31C-96F4-4696-ACEC-5ECB69EBAEE7}.Debug|Any CPU.ActiveCfg = Debug|Any CPU
		{3BECC31C-96F4-4696-ACEC-5ECB69EBAEE7}.Debug|Any CPU.Build.0 = Debug|Any CPU
		{3BECC31C-96F4-4696-ACEC-5ECB69EBAEE7}.Debug|Mixed Platforms.ActiveCfg = Debug|Any CPU
		{3BECC31C-96F4-4696-ACEC-5ECB69EBAEE7}.Debug|Mixed Platforms.Build.0 = Debug|Any CPU
		{3BECC31C-96F4-4696-ACEC-5ECB69EBAEE7}.Debug|x86.ActiveCfg = Debug|Any CPU
		{3BECC31C-96F4-4696-ACEC-5ECB69EBAEE7}.Release|Any CPU.ActiveCfg = Release|Any CPU
		{3BECC31C-96F4-4696-ACEC-5ECB69EBAEE7}.Release|Any CPU.Build.0 = Release|Any CPU
		{3BECC31C-96F4-4696-ACEC-5ECB69EBAEE7}.Release|Mixed Platforms.ActiveCfg = Release|Any CPU
		{3BECC31C-96F4-4696-ACEC-5ECB69EBAEE7}.Release|Mixed Platforms.Build.0 = Release|Any CPU
		{3BECC31C-96F4-4696-ACEC-5ECB69EBAEE7}.Release|x86.ActiveCfg = Release|Any CPU
		{8A70F85F-F9C0-4D2F-8F74-529E0A70B310}.Debug|Any CPU.ActiveCfg = Debug|Any CPU
		{8A70F85F-F9C0-4D2F-8F74-529E0A70B310}.Debug|Any CPU.Build.0 = Debug|Any CPU
		{8A70F85F-F9C0-4D2F-8F74-529E0A70B310}.Debug|Mixed Platforms.ActiveCfg = Debug|Any CPU
		{8A70F85F-F9C0-4D2F-8F74-529E0A70B310}.Debug|Mixed Platforms.Build.0 = Debug|Any CPU
		{8A70F85F-F9C0-4D2F-8F74-529E0A70B310}.Debug|x86.ActiveCfg = Debug|Any CPU
		{8A70F85F-F9C0-4D2F-8F74-529E0A70B310}.Release|Any CPU.ActiveCfg = Release|Any CPU
		{8A70F85F-F9C0-4D2F-8F74-529E0A70B310}.Release|Any CPU.Build.0 = Release|Any CPU
		{8A70F85F-F9C0-4D2F-8F74-529E0A70B310}.Release|Mixed Platforms.ActiveCfg = Release|Any CPU
		{8A70F85F-F9C0-4D2F-8F74-529E0A70B310}.Release|Mixed Platforms.Build.0 = Release|Any CPU
		{8A70F85F-F9C0-4D2F-8F74-529E0A70B310}.Release|x86.ActiveCfg = Release|Any CPU
		{C8EC9985-2A31-4843-9C20-F537147592B4}.Debug|Any CPU.ActiveCfg = Debug|Any CPU
		{C8EC9985-2A31-4843-9C20-F537147592B4}.Debug|Any CPU.Build.0 = Debug|Any CPU
		{C8EC9985-2A31-4843-9C20-F537147592B4}.Debug|Mixed Platforms.ActiveCfg = Debug|Any CPU
		{C8EC9985-2A31-4843-9C20-F537147592B4}.Debug|Mixed Platforms.Build.0 = Debug|Any CPU
		{C8EC9985-2A31-4843-9C20-F537147592B4}.Debug|x86.ActiveCfg = Debug|Any CPU
		{C8EC9985-2A31-4843-9C20-F537147592B4}.Release|Any CPU.ActiveCfg = Release|Any CPU
		{C8EC9985-2A31-4843-9C20-F537147592B4}.Release|Any CPU.Build.0 = Release|Any CPU
		{C8EC9985-2A31-4843-9C20-F537147592B4}.Release|Mixed Platforms.ActiveCfg = Release|Any CPU
		{C8EC9985-2A31-4843-9C20-F537147592B4}.Release|Mixed Platforms.Build.0 = Release|Any CPU
		{C8EC9985-2A31-4843-9C20-F537147592B4}.Release|x86.ActiveCfg = Release|Any CPU
		{45726546-A06F-442B-A6FA-B0AA81B38AB3}.Debug|Any CPU.ActiveCfg = Debug|Any CPU
		{45726546-A06F-442B-A6FA-B0AA81B38AB3}.Debug|Any CPU.Build.0 = Debug|Any CPU
		{45726546-A06F-442B-A6FA-B0AA81B38AB3}.Debug|Mixed Platforms.ActiveCfg = Debug|Any CPU
		{45726546-A06F-442B-A6FA-B0AA81B38AB3}.Debug|Mixed Platforms.Build.0 = Debug|Any CPU
		{45726546-A06F-442B-A6FA-B0AA81B38AB3}.Debug|x86.ActiveCfg = Debug|Any CPU
		{45726546-A06F-442B-A6FA-B0AA81B38AB3}.Release|Any CPU.ActiveCfg = Release|Any CPU
		{45726546-A06F-442B-A6FA-B0AA81B38AB3}.Release|Any CPU.Build.0 = Release|Any CPU
		{45726546-A06F-442B-A6FA-B0AA81B38AB3}.Release|Mixed Platforms.ActiveCfg = Release|Any CPU
		{45726546-A06F-442B-A6FA-B0AA81B38AB3}.Release|Mixed Platforms.Build.0 = Release|Any CPU
		{45726546-A06F-442B-A6FA-B0AA81B38AB3}.Release|x86.ActiveCfg = Release|Any CPU
		{FCFAE228-37AC-41A4-9DB6-F8F1ADE35D78}.Debug|Any CPU.ActiveCfg = Debug|Any CPU
		{FCFAE228-37AC-41A4-9DB6-F8F1ADE35D78}.Debug|Any CPU.Build.0 = Debug|Any CPU
		{FCFAE228-37AC-41A4-9DB6-F8F1ADE35D78}.Debug|Mixed Platforms.ActiveCfg = Debug|Any CPU
		{FCFAE228-37AC-41A4-9DB6-F8F1ADE35D78}.Debug|Mixed Platforms.Build.0 = Debug|Any CPU
		{FCFAE228-37AC-41A4-9DB6-F8F1ADE35D78}.Debug|x86.ActiveCfg = Debug|Any CPU
		{FCFAE228-37AC-41A4-9DB6-F8F1ADE35D78}.Release|Any CPU.ActiveCfg = Release|Any CPU
		{FCFAE228-37AC-41A4-9DB6-F8F1ADE35D78}.Release|Any CPU.Build.0 = Release|Any CPU
		{FCFAE228-37AC-41A4-9DB6-F8F1ADE35D78}.Release|Mixed Platforms.ActiveCfg = Release|Any CPU
		{FCFAE228-37AC-41A4-9DB6-F8F1ADE35D78}.Release|Mixed Platforms.Build.0 = Release|Any CPU
		{FCFAE228-37AC-41A4-9DB6-F8F1ADE35D78}.Release|x86.ActiveCfg = Release|Any CPU
		{8F677390-1262-4A87-9279-5A5750FD722A}.Debug|Any CPU.ActiveCfg = Debug|Any CPU
		{8F677390-1262-4A87-9279-5A5750FD722A}.Debug|Any CPU.Build.0 = Debug|Any CPU
		{8F677390-1262-4A87-9279-5A5750FD722A}.Debug|Mixed Platforms.ActiveCfg = Debug|Any CPU
		{8F677390-1262-4A87-9279-5A5750FD722A}.Debug|Mixed Platforms.Build.0 = Debug|Any CPU
		{8F677390-1262-4A87-9279-5A5750FD722A}.Debug|x86.ActiveCfg = Debug|Any CPU
		{8F677390-1262-4A87-9279-5A5750FD722A}.Release|Any CPU.ActiveCfg = Release|Any CPU
		{8F677390-1262-4A87-9279-5A5750FD722A}.Release|Any CPU.Build.0 = Release|Any CPU
		{8F677390-1262-4A87-9279-5A5750FD722A}.Release|Mixed Platforms.ActiveCfg = Release|Any CPU
		{8F677390-1262-4A87-9279-5A5750FD722A}.Release|Mixed Platforms.Build.0 = Release|Any CPU
		{8F677390-1262-4A87-9279-5A5750FD722A}.Release|x86.ActiveCfg = Release|Any CPU
	EndGlobalSection
	GlobalSection(SolutionProperties) = preSolution
		HideSolutionNode = FALSE
	EndGlobalSection
	GlobalSection(NestedProjects) = preSolution
		{D5A57965-F8BE-46F4-982F-BCF042681201} = {CF4B3915-FC55-4F83-A5A8-C5155C586DAB}
		{AFD770A1-3E4A-4103-8CBE-F3426559CBA0} = {8F29DAC3-D718-4082-912E-475D9F71DDE0}
		{4031A72F-824E-409D-AF7D-D1695C288D18} = {8F29DAC3-D718-4082-912E-475D9F71DDE0}
		{32EC2D8B-95E2-4111-96AA-A9F9E93E110A} = {0E0D59A8-7392-4C9F-BD31-000D087CE91E}
		{3BECC31C-96F4-4696-ACEC-5ECB69EBAEE7} = {0E0D59A8-7392-4C9F-BD31-000D087CE91E}
		{8A70F85F-F9C0-4D2F-8F74-529E0A70B310} = {0E0D59A8-7392-4C9F-BD31-000D087CE91E}
		{C8EC9985-2A31-4843-9C20-F537147592B4} = {0E0D59A8-7392-4C9F-BD31-000D087CE91E}
		{45726546-A06F-442B-A6FA-B0AA81B38AB3} = {0E0D59A8-7392-4C9F-BD31-000D087CE91E}
		{FCFAE228-37AC-41A4-9DB6-F8F1ADE35D78} = {0E0D59A8-7392-4C9F-BD31-000D087CE91E}
		{8F677390-1262-4A87-9279-5A5750FD722A} = {0E0D59A8-7392-4C9F-BD31-000D087CE91E}
	EndGlobalSection
EndGlobal
